// !$*UTF8*$!
{
	archiveVersion = 1;
	classes = {
	};
	objectVersion = 46;
	objects = {

/* Begin PBXBuildFile section */
		5117036E7B2B6F3BC522CA01 /* PhoneNumberFormatter.swift in Sources */ = {isa = PBXBuildFile; fileRef = 511705EC1F5955CFEB443541 /* PhoneNumberFormatter.swift */; };
		51170CEE4A674C049963E1B1 /* main.swift in Sources */ = {isa = PBXBuildFile; fileRef = 511703B9FAEB11E71F914882 /* main.swift */; };
/* End PBXBuildFile section */

/* Begin PBXCopyFilesBuildPhase section */
		5117002BA3595BDD63AFE697 /* CopyFiles */ = {
			isa = PBXCopyFilesBuildPhase;
			buildActionMask = 2147483647;
			dstPath = /usr/share/man/man1/;
			dstSubfolderSpec = 0;
			files = (
			);
			runOnlyForDeploymentPostprocessing = 1;
		};
/* End PBXCopyFilesBuildPhase section */

/* Begin PBXFileReference section */
		5117009AF4763D23A123F912 /* PhoneNumberFormatter */ = {isa = PBXFileReference; explicitFileType = "compiled.mach-o.executable"; includeInIndex = 0; path = PhoneNumberFormatter; sourceTree = BUILT_PRODUCTS_DIR; };
		511703B9FAEB11E71F914882 /* main.swift */ = {isa = PBXFileReference; lastKnownFileType = sourcecode.swift; path = main.swift; sourceTree = "<group>"; };
		511705EC1F5955CFEB443541 /* PhoneNumberFormatter.swift */ = {isa = PBXFileReference; fileEncoding = 4; lastKnownFileType = sourcecode.swift; path = PhoneNumberFormatter.swift; sourceTree = "<group>"; };
/* End PBXFileReference section */

/* Begin PBXFrameworksBuildPhase section */
		5117089EA1FD781A9213EDCE /* Frameworks */ = {
			isa = PBXFrameworksBuildPhase;
			buildActionMask = 2147483647;
			files = (
			);
			runOnlyForDeploymentPostprocessing = 0;
		};
/* End PBXFrameworksBuildPhase section */

/* Begin PBXGroup section */
		511706E83FD06A08C3C3421F /* PhoneNumberFormatter */ = {
			isa = PBXGroup;
			children = (
				511703B9FAEB11E71F914882 /* main.swift */,
				511705EC1F5955CFEB443541 /* PhoneNumberFormatter.swift */,
			);
			path = PhoneNumberFormatter;
			sourceTree = "<group>";
		};
		5117095AFDEA623413D13F29 = {
			isa = PBXGroup;
			children = (
				51170F3182E9DC7D037D7CCB /* Products */,
				511706E83FD06A08C3C3421F /* PhoneNumberFormatter */,
			);
			sourceTree = "<group>";
		};
		51170F3182E9DC7D037D7CCB /* Products */ = {
			isa = PBXGroup;
			children = (
				5117009AF4763D23A123F912 /* PhoneNumberFormatter */,
			);
			name = Products;
			sourceTree = "<group>";
		};
/* End PBXGroup section */

/* Begin PBXNativeTarget section */
		5117099EAEBE786267DABB31 /* PhoneNumberFormatter */ = {
			isa = PBXNativeTarget;
			buildConfigurationList = 51170E4C32A42B9ACBCCFE8C /* Build configuration list for PBXNativeTarget "PhoneNumberFormatter" */;
			buildPhases = (
				5117062A8A64874AADEBE1D4 /* Sources */,
				5117089EA1FD781A9213EDCE /* Frameworks */,
				5117002BA3595BDD63AFE697 /* CopyFiles */,
			);
			buildRules = (
			);
			dependencies = (
			);
			name = PhoneNumberFormatter;
			productName = PhoneNumberFormatter;
			productReference = 5117009AF4763D23A123F912 /* PhoneNumberFormatter */;
			productType = "com.apple.product-type.tool";
		};
/* End PBXNativeTarget section */

/* Begin PBXProject section */
		511701A2D50C69DFBA605072 /* Project object */ = {
			isa = PBXProject;
			attributes = {
				ORGANIZATIONNAME = mitulmanish;
			};
			buildConfigurationList = 511705B025787EBF752A7C78 /* Build configuration list for PBXProject "PhoneNumberFormatter" */;
			compatibilityVersion = "Xcode 3.2";
			developmentRegion = English;
			hasScannedForEncodings = 0;
			knownRegions = (
				en,
			);
			mainGroup = 5117095AFDEA623413D13F29;
			productRefGroup = 51170F3182E9DC7D037D7CCB /* Products */;
			projectDirPath = "";
			projectRoot = "";
			targets = (
				5117099EAEBE786267DABB31 /* PhoneNumberFormatter */,
			);
		};
/* End PBXProject section */

/* Begin PBXSourcesBuildPhase section */
		5117062A8A64874AADEBE1D4 /* Sources */ = {
			isa = PBXSourcesBuildPhase;
			buildActionMask = 2147483647;
			files = (
				51170CEE4A674C049963E1B1 /* main.swift in Sources */,
				5117036E7B2B6F3BC522CA01 /* PhoneNumberFormatter.swift in Sources */,
			);
			runOnlyForDeploymentPostprocessing = 0;
		};
/* End PBXSourcesBuildPhase section */

/* Begin XCBuildConfiguration section */
		5117003EF0CB9D767D02CFBF /* Release */ = {
			isa = XCBuildConfiguration;
			buildSettings = {
				PRODUCT_NAME = "$(TARGET_NAME)";
			};
			name = Release;
		};
		5117006DD2CEA772AD56C7C8 /* Debug */ = {
			isa = XCBuildConfiguration;
			buildSettings = {
				ALWAYS_SEARCH_USER_PATHS = NO;
				CLANG_ANALYZER_NONNULL = YES;
				CLANG_CXX_LANGUAGE_STANDARD = "gnu++0x";
				CLANG_CXX_LIBRARY = "libc++";
				CLANG_ENABLE_MODULES = YES;
				CLANG_ENABLE_OBJC_ARC = YES;
				CLANG_WARN_BOOL_CONVERSION = YES;
				CLANG_WARN_CONSTANT_CONVERSION = YES;
				CLANG_WARN_DIRECT_OBJC_ISA_USAGE = YES_ERROR;
				CLANG_WARN_EMPTY_BODY = YES;
				CLANG_WARN_ENUM_CONVERSION = YES;
				CLANG_WARN_INT_CONVERSION = YES;
				CLANG_WARN_OBJC_ROOT_CLASS = YES_ERROR;
				CLANG_WARN_UNREACHABLE_CODE = YES;
				CLANG_WARN__DUPLICATE_METHOD_MATCH = YES;
				CODE_SIGN_IDENTITY = "-";
				COPY_PHASE_STRIP = NO;
				DEBUG_INFORMATION_FORMAT = dwarf;
				ENABLE_STRICT_OBJC_MSGSEND = YES;
				ENABLE_TESTABILITY = YES;
				GCC_C_LANGUAGE_STANDARD = gnu99;
				GCC_DYNAMIC_NO_PIC = NO;
				GCC_NO_COMMON_BLOCKS = YES;
				GCC_OPTIMIZATION_LEVEL = 0;
				GCC_PREPROCESSOR_DEFINITIONS = (
					"DEBUG=1",
					"$(inherited)",
				);
				GCC_WARN_64_TO_32_BIT_CONVERSION = YES;
				GCC_WARN_ABOUT_RETURN_TYPE = YES_ERROR;
				GCC_WARN_UNDECLARED_SELECTOR = YES;
				GCC_WARN_UNINITIALIZED_AUTOS = YES_AGGRESSIVE;
				GCC_WARN_UNUSED_FUNCTION = YES;
				GCC_WARN_UNUSED_VARIABLE = YES;
				MACOSX_DEPLOYMENT_TARGET = 10.11;
				MTL_ENABLE_DEBUG_INFO = YES;
				ONLY_ACTIVE_ARCH = YES;
				SDKROOT = macosx;
				SWIFT_OPTIMIZATION_LEVEL = "-Onone";
			};
			name = Debug;
		};
		5117023FFA0FB5F233CBFB98 /* Debug */ = {
			isa = XCBuildConfiguration;
			buildSettings = {
				PRODUCT_NAME = "$(TARGET_NAME)";
			};
			name = Debug;
		};
		5117085A526842D74EC4C548 /* Release */ = {
			isa = XCBuildConfiguration;
			buildSettings = {
				ALWAYS_SEARCH_USER_PATHS = NO;
				CLANG_ANALYZER_NONNULL = YES;
				CLANG_CXX_LANGUAGE_STANDARD = "gnu++0x";
				CLANG_CXX_LIBRARY = "libc++";
				CLANG_ENABLE_MODULES = YES;
				CLANG_ENABLE_OBJC_ARC = YES;
				CLANG_WARN_BOOL_CONVERSION = YES;
				CLANG_WARN_CONSTANT_CONVERSION = YES;
				CLANG_WARN_DIRECT_OBJC_ISA_USAGE = YES_ERROR;
				CLANG_WARN_EMPTY_BODY = YES;
				CLANG_WARN_ENUM_CONVERSION = YES;
				CLANG_WARN_INT_CONVERSION = YES;
				CLANG_WARN_OBJC_ROOT_CLASS = YES_ERROR;
				CLANG_WARN_UNREACHABLE_CODE = YES;
				CLANG_WARN__DUPLICATE_METHOD_MATCH = YES;
				CODE_SIGN_IDENTITY = "-";
				COPY_PHASE_STRIP = NO;
				DEBUG_INFORMATION_FORMAT = "dwarf-with-dsym";
				ENABLE_NS_ASSERTIONS = NO;
				ENABLE_STRICT_OBJC_MSGSEND = YES;
				GCC_C_LANGUAGE_STANDARD = gnu99;
				GCC_NO_COMMON_BLOCKS = YES;
				GCC_WARN_64_TO_32_BIT_CONVERSION = YES;
				GCC_WARN_ABOUT_RETURN_TYPE = YES_ERROR;
				GCC_WARN_UNDECLARED_SELECTOR = YES;
				GCC_WARN_UNINITIALIZED_AUTOS = YES_AGGRESSIVE;
				GCC_WARN_UNUSED_FUNCTION = YES;
				GCC_WARN_UNUSED_VARIABLE = YES;
				MACOSX_DEPLOYMENT_TARGET = 10.11;
				MTL_ENABLE_DEBUG_INFO = NO;
				SDKROOT = macosx;
			};
			name = Release;
		};
/* End XCBuildConfiguration section */

/* Begin XCConfigurationList section */
		511705B025787EBF752A7C78 /* Build configuration list for PBXProject "PhoneNumberFormatter" */ = {
			isa = XCConfigurationList;
			buildConfigurations = (
				5117006DD2CEA772AD56C7C8 /* Debug */,
				5117085A526842D74EC4C548 /* Release */,
			);
			defaultConfigurationIsVisible = 0;
			defaultConfigurationName = Release;
		};
		51170E4C32A42B9ACBCCFE8C /* Build configuration list for PBXNativeTarget "PhoneNumberFormatter" */ = {
			isa = XCConfigurationList;
			buildConfigurations = (
				5117023FFA0FB5F233CBFB98 /* Debug */,
				5117003EF0CB9D767D02CFBF /* Release */,
			);
			defaultConfigurationIsVisible = 0;
		};
/* End XCConfigurationList section */
	};
	rootObject = 511701A2D50C69DFBA605072 /* Project object */;
}
